
Microsoft Visual Studio Solution File, Format Version 12.00
# Visual Studio Version 17
VisualStudioVersion = 17.0.31903.59
MinimumVisualStudioVersion = 10.0.40219.1
Project("{FAE04EC0-301F-11D3-BF4B-00C04F79EFBC}") = "Assigment_number_1", "Assigment_number_1.csproj", "{DBE6A087-6C71-428E-8BEE-C84D97DF3E1D}"
EndProject
Global
	GlobalSection(SolutionConfigurationPlatforms) = preSolution
		Debug|Any CPU = Debug|Any CPU
		Release|Any CPU = Release|Any CPU
	EndGlobalSection
	GlobalSection(ProjectConfigurationPlatforms) = postSolution
		{DBE6A087-6C71-428E-8BEE-C84D97DF3E1D}.Debug|Any CPU.ActiveCfg = Debug|Any CPU
		{DBE6A087-6C71-428E-8BEE-C84D97DF3E1D}.Debug|Any CPU.Build.0 = Debug|Any CPU
		{DBE6A087-6C71-428E-8BEE-C84D97DF3E1D}.Release|Any CPU.ActiveCfg = Release|Any CPU
		{DBE6A087-6C71-428E-8BEE-C84D97DF3E1D}.Release|Any CPU.Build.0 = Release|Any CPU
	EndGlobalSection
	GlobalSection(SolutionProperties) = preSolution
		HideSolutionNode = FALSE
	EndGlobalSection
	GlobalSection(ExtensibilityGlobals) = postSolution
		SolutionGuid = {CEA167ED-C905-420C-BBB5-EB318282D6A4}
	EndGlobalSection
EndGlobal
